github.com/gorilla/websocket v1.5.3 h1:saDtZ6Pbx/0u+bgYQ3q96pZgCzfhKXGPqt7kZ72aNNg=
github.com/gorilla/websocket v1.5.3/go.mod h1:YR8l580nyteQvAITg2hZ9XVh4b55+EU/adAjf1fMHhE=
github.com/yalue/onnxruntime_go v1.21.0 h1:DdtvfY7OP5gR8mwPDqAOAQckf+KcI30hPNJL8hQaYWI=
github.com/yalue/onnxruntime_go v1.21.0/go.mod h1:b4X26A8pekNb1ACJ58wAXgNKeUCGEAQ9dmACut9Sm/4=
